
Microsoft Visual Studio Solution File, Format Version 12.00
# Visual Studio Version 17
VisualStudioVersion = 17.9.34622.214
MinimumVisualStudioVersion = 10.0.40219.1
Project("{9A19103F-16F7-4668-BE54-9A1E7A4F7556}") = "TrayWeather3", "TrayWeather3.csproj", "{533B66E7-5043-4EC8-80BE-330A8BFC5633}"
EndProject
Global
	GlobalSection(SolutionConfigurationPlatforms) = preSolution
		Debug|Any CPU = Debug|Any CPU
		Release|Any CPU = Release|Any CPU
	EndGlobalSection
	GlobalSection(ProjectConfigurationPlatforms) = postSolution
		{533B66E7-5043-4EC8-80BE-330A8BFC5633}.Debug|Any CPU.ActiveCfg = Debug|Any CPU
		{533B66E7-5043-4EC8-80BE-330A8BFC5633}.Debug|Any CPU.Build.0 = Debug|Any CPU
		{533B66E7-5043-4EC8-80BE-330A8BFC5633}.Release|Any CPU.ActiveCfg = Release|Any CPU
		{533B66E7-5043-4EC8-80BE-330A8BFC5633}.Release|Any CPU.Build.0 = Release|Any CPU
	EndGlobalSection
	GlobalSection(SolutionProperties) = preSolution
		HideSolutionNode = FALSE
	EndGlobalSection
	GlobalSection(ExtensibilityGlobals) = postSolution
		SolutionGuid = {6D95BA4C-4957-49BB-A8AA-965112B4A9F2}
	EndGlobalSection
EndGlobal
